
Microsoft Visual Studio Solution File, Format Version 12.00
# Visual Studio Version 17
VisualStudioVersion = 17.7.34018.315
MinimumVisualStudioVersion = 10.0.40219.1
Project("{FAE04EC0-301F-11D3-BF4B-00C04F79EFBC}") = "HMS By Shiva", "HMS By Shiva\HMS By Shiva.csproj", "{913514B7-51FB-4717-9697-B959D26F5BAE}"
EndProject
Global
	GlobalSection(SolutionConfigurationPlatforms) = preSolution
		Debug|Any CPU = Debug|Any CPU
		Release|Any CPU = Release|Any CPU
	EndGlobalSection
	GlobalSection(ProjectConfigurationPlatforms) = postSolution
		{913514B7-51FB-4717-9697-B959D26F5BAE}.Debug|Any CPU.ActiveCfg = Debug|Any CPU
		{913514B7-51FB-4717-9697-B959D26F5BAE}.Debug|Any CPU.Build.0 = Debug|Any CPU
		{913514B7-51FB-4717-9697-B959D26F5BAE}.Release|Any CPU.ActiveCfg = Release|Any CPU
		{913514B7-51FB-4717-9697-B959D26F5BAE}.Release|Any CPU.Build.0 = Release|Any CPU
	EndGlobalSection
	GlobalSection(SolutionProperties) = preSolution
		HideSolutionNode = FALSE
	EndGlobalSection
	GlobalSection(ExtensibilityGlobals) = postSolution
		SolutionGuid = {550DB936-684F-4287-ADDA-17A50E5824BD}
	EndGlobalSection
EndGlobal
